
Microsoft Visual Studio Solution File, Format Version 12.00
# Visual Studio Version 17
VisualStudioVersion = 17.9.34622.214
MinimumVisualStudioVersion = 10.0.40219.1
Project("{FAE04EC0-301F-11D3-BF4B-00C04F79EFBC}") = "WebViecLammoi", "WebViecLammoi\WebViecLammoi.csproj", "{C50FA7D2-CCCD-4EFF-BBA8-DC5B9CB67869}"
EndProject
Global
	GlobalSection(SolutionConfigurationPlatforms) = preSolution
		Debug|Any CPU = Debug|Any CPU
		Release|Any CPU = Release|Any CPU
	EndGlobalSection
	GlobalSection(ProjectConfigurationPlatforms) = postSolution
		{C50FA7D2-CCCD-4EFF-BBA8-DC5B9CB67869}.Debug|Any CPU.ActiveCfg = Debug|Any CPU
		{C50FA7D2-CCCD-4EFF-BBA8-DC5B9CB67869}.Debug|Any CPU.Build.0 = Debug|Any CPU
		{C50FA7D2-CCCD-4EFF-BBA8-DC5B9CB67869}.Release|Any CPU.ActiveCfg = Release|Any CPU
		{C50FA7D2-CCCD-4EFF-BBA8-DC5B9CB67869}.Release|Any CPU.Build.0 = Release|Any CPU
	EndGlobalSection
	GlobalSection(SolutionProperties) = preSolution
		HideSolutionNode = FALSE
	EndGlobalSection
	GlobalSection(ExtensibilityGlobals) = postSolution
		SolutionGuid = {AE3088A3-2909-4249-AEEE-3FE5822D6B38}
	EndGlobalSection
EndGlobal
